// !$*UTF8*$!
{
	archiveVersion = 1;
	classes = {
	};
	objectVersion = 56;
	objects = {

/* Begin PBXBuildFile section */
		37CDCD172C4BC7B200B5A291 /* ContinueUserActivityWidgetApp.swift in Sources */ = {isa = PBXBuildFile; fileRef = 37CDCD162C4BC7B200B5A291 /* ContinueUserActivityWidgetApp.swift */; };
		37CDCD192C4BC7B200B5A291 /* ContentView.swift in Sources */ = {isa = PBXBuildFile; fileRef = 37CDCD182C4BC7B200B5A291 /* ContentView.swift */; };
		37CDCD1B2C4BC7B300B5A291 /* Assets.xcassets in Resources */ = {isa = PBXBuildFile; fileRef = 37CDCD1A2C4BC7B300B5A291 /* Assets.xcassets */; };
		37CDCD1E2C4BC7B300B5A291 /* Preview Assets.xcassets in Resources */ = {isa = PBXBuildFile; fileRef = 37CDCD1D2C4BC7B300B5A291 /* Preview Assets.xcassets */; };
		37CDCD2B2C4BC7CB00B5A291 /* WidgetKit.framework in Frameworks */ = {isa = PBXBuildFile; fileRef = 37CDCD2A2C4BC7CB00B5A291 /* WidgetKit.framework */; };
		37CDCD2D2C4BC7CB00B5A291 /* SwiftUI.framework in Frameworks */ = {isa = PBXBuildFile; fileRef = 37CDCD2C2C4BC7CB00B5A291 /* SwiftUI.framework */; };
		37CDCD302C4BC7CB00B5A291 /* SampleWidgetBundle.swift in Sources */ = {isa = PBXBuildFile; fileRef = 37CDCD2F2C4BC7CB00B5A291 /* SampleWidgetBundle.swift */; };
		37CDCD322C4BC7CB00B5A291 /* SampleWidget.swift in Sources */ = {isa = PBXBuildFile; fileRef = 37CDCD312C4BC7CB00B5A291 /* SampleWidget.swift */; };
		37CDCD362C4BC7CD00B5A291 /* Assets.xcassets in Resources */ = {isa = PBXBuildFile; fileRef = 37CDCD352C4BC7CD00B5A291 /* Assets.xcassets */; };
		37CDCD3A2C4BC7CD00B5A291 /* SampleWidgetExtension.appex in Embed Foundation Extensions */ = {isa = PBXBuildFile; fileRef = 37CDCD282C4BC7CB00B5A291 /* SampleWidgetExtension.appex */; settings = {ATTRIBUTES = (RemoveHeadersOnCopy, ); }; };
		37CDCD3F2C4BC80900B5A291 /* AppIntent.swift in Sources */ = {isa = PBXBuildFile; fileRef = 37CDCD332C4BC7CB00B5A291 /* AppIntent.swift */; };
		37CDCD402C4BC81200B5A291 /* AppIntent.swift in Sources */ = {isa = PBXBuildFile; fileRef = 37CDCD332C4BC7CB00B5A291 /* AppIntent.swift */; };
/* End PBXBuildFile section */

/* Begin PBXContainerItemProxy section */
		37CDCD382C4BC7CD00B5A291 /* PBXContainerItemProxy */ = {
			isa = PBXContainerItemProxy;
			containerPortal = 37CDCD0B2C4BC7B200B5A291 /* Project object */;
			proxyType = 1;
			remoteGlobalIDString = 37CDCD272C4BC7CB00B5A291;
			remoteInfo = SampleWidgetExtension;
		};
/* End PBXContainerItemProxy section */

/* Begin PBXCopyFilesBuildPhase section */
		37CDCD3E2C4BC7CD00B5A291 /* Embed Foundation Extensions */ = {
			isa = PBXCopyFilesBuildPhase;
			buildActionMask = 2147483647;
			dstPath = "";
			dstSubfolderSpec = 13;
			files = (
				37CDCD3A2C4BC7CD00B5A291 /* SampleWidgetExtension.appex in Embed Foundation Extensions */,
			);
			name = "Embed Foundation Extensions";
			runOnlyForDeploymentPostprocessing = 0;
		};
/* End PBXCopyFilesBuildPhase section */

/* Begin PBXFileReference section */
		37CDCD132C4BC7B200B5A291 /* ContinueUserActivityWidget.app */ = {isa = PBXFileReference; explicitFileType = wrapper.application; includeInIndex = 0; path = ContinueUserActivityWidget.app; sourceTree = BUILT_PRODUCTS_DIR; };
		37CDCD162C4BC7B200B5A291 /* ContinueUserActivityWidgetApp.swift */ = {isa = PBXFileReference; lastKnownFileType = sourcecode.swift; path = ContinueUserActivityWidgetApp.swift; sourceTree = "<group>"; };
		37CDCD182C4BC7B200B5A291 /* ContentView.swift */ = {isa = PBXFileReference; lastKnownFileType = sourcecode.swift; path = ContentView.swift; sourceTree = "<group>"; };
		37CDCD1A2C4BC7B300B5A291 /* Assets.xcassets */ = {isa = PBXFileReference; lastKnownFileType = folder.assetcatalog; path = Assets.xcassets; sourceTree = "<group>"; };
		37CDCD1D2C4BC7B300B5A291 /* Preview Assets.xcassets */ = {isa = PBXFileReference; lastKnownFileType = folder.assetcatalog; path = "Preview Assets.xcassets"; sourceTree = "<group>"; };
		37CDCD282C4BC7CB00B5A291 /* SampleWidgetExtension.appex */ = {isa = PBXFileReference; explicitFileType = "wrapper.app-extension"; includeInIndex = 0; path = SampleWidgetExtension.appex; sourceTree = BUILT_PRODUCTS_DIR; };
		37CDCD2A2C4BC7CB00B5A291 /* WidgetKit.framework */ = {isa = PBXFileReference; lastKnownFileType = wrapper.framework; name = WidgetKit.framework; path = System/Library/Frameworks/WidgetKit.framework; sourceTree = SDKROOT; };
		37CDCD2C2C4BC7CB00B5A291 /* SwiftUI.framework */ = {isa = PBXFileReference; lastKnownFileType = wrapper.framework; name = SwiftUI.framework; path = System/Library/Frameworks/SwiftUI.framework; sourceTree = SDKROOT; };
		37CDCD2F2C4BC7CB00B5A291 /* SampleWidgetBundle.swift */ = {isa = PBXFileReference; lastKnownFileType = sourcecode.swift; path = SampleWidgetBundle.swift; sourceTree = "<group>"; };
		37CDCD312C4BC7CB00B5A291 /* SampleWidget.swift */ = {isa = PBXFileReference; lastKnownFileType = sourcecode.swift; path = SampleWidget.swift; sourceTree = "<group>"; };
		37CDCD332C4BC7CB00B5A291 /* AppIntent.swift */ = {isa = PBXFileReference; lastKnownFileType = sourcecode.swift; name = AppIntent.swift; path = ../SampleWidget/AppIntent.swift; sourceTree = "<group>"; };
		37CDCD352C4BC7CD00B5A291 /* Assets.xcassets */ = {isa = PBXFileReference; lastKnownFileType = folder.assetcatalog; path = Assets.xcassets; sourceTree = "<group>"; };
		37CDCD372C4BC7CD00B5A291 /* Info.plist */ = {isa = PBXFileReference; lastKnownFileType = text.plist.xml; path = Info.plist; sourceTree = "<group>"; };
/* End PBXFileReference section */

/* Begin PBXFrameworksBuildPhase section */
		37CDCD102C4BC7B200B5A291 /* Frameworks */ = {
			isa = PBXFrameworksBuildPhase;
			buildActionMask = 2147483647;
			files = (
			);
			runOnlyForDeploymentPostprocessing = 0;
		};
		37CDCD252C4BC7CB00B5A291 /* Frameworks */ = {
			isa = PBXFrameworksBuildPhase;
			buildActionMask = 2147483647;
			files = (
				37CDCD2D2C4BC7CB00B5A291 /* SwiftUI.framework in Frameworks */,
				37CDCD2B2C4BC7CB00B5A291 /* WidgetKit.framework in Frameworks */,
			);
			runOnlyForDeploymentPostprocessing = 0;
		};
/* End PBXFrameworksBuildPhase section */

/* Begin PBXGroup section */
		37CDCD0A2C4BC7B200B5A291 = {
			isa = PBXGroup;
			children = (
				37CDCD152C4BC7B200B5A291 /* ContinueUserActivityWidget */,
				37CDCD2E2C4BC7CB00B5A291 /* SampleWidget */,
				37CDCD292C4BC7CB00B5A291 /* Frameworks */,
				37CDCD142C4BC7B200B5A291 /* Products */,
			);
			sourceTree = "<group>";
		};
		37CDCD142C4BC7B200B5A291 /* Products */ = {
			isa = PBXGroup;
			children = (
				37CDCD132C4BC7B200B5A291 /* ContinueUserActivityWidget.app */,
				37CDCD282C4BC7CB00B5A291 /* SampleWidgetExtension.appex */,
			);
			name = Products;
			sourceTree = "<group>";
		};
		37CDCD152C4BC7B200B5A291 /* ContinueUserActivityWidget */ = {
			isa = PBXGroup;
			children = (
				37CDCD332C4BC7CB00B5A291 /* AppIntent.swift */,
				37CDCD162C4BC7B200B5A291 /* ContinueUserActivityWidgetApp.swift */,
				37CDCD182C4BC7B200B5A291 /* ContentView.swift */,
				37CDCD1A2C4BC7B300B5A291 /* Assets.xcassets */,
				37CDCD1C2C4BC7B300B5A291 /* Preview Content */,
			);
			path = ContinueUserActivityWidget;
			sourceTree = "<group>";
		};
		37CDCD1C2C4BC7B300B5A291 /* Preview Content */ = {
			isa = PBXGroup;
			children = (
				37CDCD1D2C4BC7B300B5A291 /* Preview Assets.xcassets */,
			);
			path = "Preview Content";
			sourceTree = "<group>";
		};
		37CDCD292C4BC7CB00B5A291 /* Frameworks */ = {
			isa = PBXGroup;
			children = (
				37CDCD2A2C4BC7CB00B5A291 /* WidgetKit.framework */,
				37CDCD2C2C4BC7CB00B5A291 /* SwiftUI.framework */,
			);
			name = Frameworks;
			sourceTree = "<group>";
		};
		37CDCD2E2C4BC7CB00B5A291 /* SampleWidget */ = {
			isa = PBXGroup;
			children = (
				37CDCD2F2C4BC7CB00B5A291 /* SampleWidgetBundle.swift */,
				37CDCD312C4BC7CB00B5A291 /* SampleWidget.swift */,
				37CDCD352C4BC7CD00B5A291 /* Assets.xcassets */,
				37CDCD372C4BC7CD00B5A291 /* Info.plist */,
			);
			path = SampleWidget;
			sourceTree = "<group>";
		};
/* End PBXGroup section */

/* Begin PBXNativeTarget section */
		37CDCD122C4BC7B200B5A291 /* ContinueUserActivityWidget */ = {
			isa = PBXNativeTarget;
			buildConfigurationList = 37CDCD212C4BC7B300B5A291 /* Build configuration list for PBXNativeTarget "ContinueUserActivityWidget" */;
			buildPhases = (
				37CDCD0F2C4BC7B200B5A291 /* Sources */,
				37CDCD102C4BC7B200B5A291 /* Frameworks */,
				37CDCD112C4BC7B200B5A291 /* Resources */,
				37CDCD3E2C4BC7CD00B5A291 /* Embed Foundation Extensions */,
			);
			buildRules = (
			);
			dependencies = (
				37CDCD392C4BC7CD00B5A291 /* PBXTargetDependency */,
			);
			name = ContinueUserActivityWidget;
			productName = ContinueUserActivityWidget;
			productReference = 37CDCD132C4BC7B200B5A291 /* ContinueUserActivityWidget.app */;
			productType = "com.apple.product-type.application";
		};
		37CDCD272C4BC7CB00B5A291 /* SampleWidgetExtension */ = {
			isa = PBXNativeTarget;
			buildConfigurationList = 37CDCD3B2C4BC7CD00B5A291 /* Build configuration list for PBXNativeTarget "SampleWidgetExtension" */;
			buildPhases = (
				37CDCD242C4BC7CB00B5A291 /* Sources */,
				37CDCD252C4BC7CB00B5A291 /* Frameworks */,
				37CDCD262C4BC7CB00B5A291 /* Resources */,
			);
			buildRules = (
			);
			dependencies = (
			);
			name = SampleWidgetExtension;
			productName = SampleWidgetExtension;
			productReference = 37CDCD282C4BC7CB00B5A291 /* SampleWidgetExtension.appex */;
			productType = "com.apple.product-type.app-extension";
		};
/* End PBXNativeTarget section */

/* Begin PBXProject section */
		37CDCD0B2C4BC7B200B5A291 /* Project object */ = {
			isa = PBXProject;
			attributes = {
				BuildIndependentTargetsInParallel = 1;
				LastSwiftUpdateCheck = 1540;
				LastUpgradeCheck = 1540;
				TargetAttributes = {
					37CDCD122C4BC7B200B5A291 = {
						CreatedOnToolsVersion = 15.4;
					};
					37CDCD272C4BC7CB00B5A291 = {
						CreatedOnToolsVersion = 15.4;
					};
				};
			};
			buildConfigurationList = 37CDCD0E2C4BC7B200B5A291 /* Build configuration list for PBXProject "ContinueUserActivityWidget" */;
			compatibilityVersion = "Xcode 14.0";
			developmentRegion = en;
			hasScannedForEncodings = 0;
			knownRegions = (
				en,
				Base,
			);
			mainGroup = 37CDCD0A2C4BC7B200B5A291;
			productRefGroup = 37CDCD142C4BC7B200B5A291 /* Products */;
			projectDirPath = "";
			projectRoot = "";
			targets = (
				37CDCD122C4BC7B200B5A291 /* ContinueUserActivityWidget */,
				37CDCD272C4BC7CB00B5A291 /* SampleWidgetExtension */,
			);
		};
/* End PBXProject section */

/* Begin PBXResourcesBuildPhase section */
		37CDCD112C4BC7B200B5A291 /* Resources */ = {
			isa = PBXResourcesBuildPhase;
			buildActionMask = 2147483647;
			files = (
				37CDCD1E2C4BC7B300B5A291 /* Preview Assets.xcassets in Resources */,
				37CDCD1B2C4BC7B300B5A291 /* Assets.xcassets in Resources */,
			);
			runOnlyForDeploymentPostprocessing = 0;
		};
		37CDCD262C4BC7CB00B5A291 /* Resources */ = {
			isa = PBXResourcesBuildPhase;
			buildActionMask = 2147483647;
			files = (
				37CDCD362C4BC7CD00B5A291 /* Assets.xcassets in Resources */,
			);
			runOnlyForDeploymentPostprocessing = 0;
		};
/* End PBXResourcesBuildPhase section */

/* Begin PBXSourcesBuildPhase section */
		37CDCD0F2C4BC7B200B5A291 /* Sources */ = {
			isa = PBXSourcesBuildPhase;
			buildActionMask = 2147483647;
			files = (
				37CDCD192C4BC7B200B5A291 /* ContentView.swift in Sources */,
				37CDCD172C4BC7B200B5A291 /* ContinueUserActivityWidgetApp.swift in Sources */,
				37CDCD3F2C4BC80900B5A291 /* AppIntent.swift in Sources */,
			);
			runOnlyForDeploymentPostprocessing = 0;
		};
		37CDCD242C4BC7CB00B5A291 /* Sources */ = {
			isa = PBXSourcesBuildPhase;
			buildActionMask = 2147483647;
			files = (
				37CDCD302C4BC7CB00B5A291 /* SampleWidgetBundle.swift in Sources */,
				37CDCD322C4BC7CB00B5A291 /* SampleWidget.swift in Sources */,
				37CDCD402C4BC81200B5A291 /* AppIntent.swift in Sources */,
			);
			runOnlyForDeploymentPostprocessing = 0;
		};
/* End PBXSourcesBuildPhase section */

/* Begin PBXTargetDependency section */
		37CDCD392C4BC7CD00B5A291 /* PBXTargetDependency */ = {
			isa = PBXTargetDependency;
			target = 37CDCD272C4BC7CB00B5A291 /* SampleWidgetExtension */;
			targetProxy = 37CDCD382C4BC7CD00B5A291 /* PBXContainerItemProxy */;
		};
/* End PBXTargetDependency section */

/* Begin XCBuildConfiguration section */
		37CDCD1F2C4BC7B300B5A291 /* Debug */ = {
			isa = XCBuildConfiguration;
			buildSettings = {
				ALWAYS_SEARCH_USER_PATHS = NO;
				ASSETCATALOG_COMPILER_GENERATE_SWIFT_ASSET_SYMBOL_EXTENSIONS = YES;
				CLANG_ANALYZER_NONNULL = YES;
				CLANG_ANALYZER_NUMBER_OBJECT_CONVERSION = YES_AGGRESSIVE;
				CLANG_CXX_LANGUAGE_STANDARD = "gnu++20";
				CLANG_ENABLE_MODULES = YES;
				CLANG_ENABLE_OBJC_ARC = YES;
				CLANG_ENABLE_OBJC_WEAK = YES;
				CLANG_WARN_BLOCK_CAPTURE_AUTORELEASING = YES;
				CLANG_WARN_BOOL_CONVERSION = YES;
				CLANG_WARN_COMMA = YES;
				CLANG_WARN_CONSTANT_CONVERSION = YES;
				CLANG_WARN_DEPRECATED_OBJC_IMPLEMENTATIONS = YES;
				CLANG_WARN_DIRECT_OBJC_ISA_USAGE = YES_ERROR;
				CLANG_WARN_DOCUMENTATION_COMMENTS = YES;
				CLANG_WARN_EMPTY_BODY = YES;
				CLANG_WARN_ENUM_CONVERSION = YES;
				CLANG_WARN_INFINITE_RECURSION = YES;
				CLANG_WARN_INT_CONVERSION = YES;
				CLANG_WARN_NON_LITERAL_NULL_CONVERSION = YES;
				CLANG_WARN_OBJC_IMPLICIT_RETAIN_SELF = YES;
				CLANG_WARN_OBJC_LITERAL_CONVERSION = YES;
				CLANG_WARN_OBJC_ROOT_CLASS = YES_ERROR;
				CLANG_WARN_QUOTED_INCLUDE_IN_FRAMEWORK_HEADER = YES;
				CLANG_WARN_RANGE_LOOP_ANALYSIS = YES;
				CLANG_WARN_STRICT_PROTOTYPES = YES;
				CLANG_WARN_SUSPICIOUS_MOVE = YES;
				CLANG_WARN_UNGUARDED_AVAILABILITY = YES_AGGRESSIVE;
				CLANG_WARN_UNREACHABLE_CODE = YES;
				CLANG_WARN__DUPLICATE_METHOD_MATCH = YES;
				COPY_PHASE_STRIP = NO;
				DEBUG_INFORMATION_FORMAT = dwarf;
				ENABLE_STRICT_OBJC_MSGSEND = YES;
				ENABLE_TESTABILITY = YES;
				ENABLE_USER_SCRIPT_SANDBOXING = YES;
				GCC_C_LANGUAGE_STANDARD = gnu17;
				GCC_DYNAMIC_NO_PIC = NO;
				GCC_NO_COMMON_BLOCKS = YES;
				GCC_OPTIMIZATION_LEVEL = 0;
				GCC_PREPROCESSOR_DEFINITIONS = (
					"DEBUG=1",
					"$(inherited)",
				);
				GCC_WARN_64_TO_32_BIT_CONVERSION = YES;
				GCC_WARN_ABOUT_RETURN_TYPE = YES_ERROR;
				GCC_WARN_UNDECLARED_SELECTOR = YES;
				GCC_WARN_UNINITIALIZED_AUTOS = YES_AGGRESSIVE;
				GCC_WARN_UNUSED_FUNCTION = YES;
				GCC_WARN_UNUSED_VARIABLE = YES;
				IPHONEOS_DEPLOYMENT_TARGET = 17.5;
				LOCALIZATION_PREFERS_STRING_CATALOGS = YES;
				MTL_ENABLE_DEBUG_INFO = INCLUDE_SOURCE;
				MTL_FAST_MATH = YES;
				ONLY_ACTIVE_ARCH = YES;
				SDKROOT = iphoneos;
				SWIFT_ACTIVE_COMPILATION_CONDITIONS = "DEBUG $(inherited)";
				SWIFT_OPTIMIZATION_LEVEL = "-Onone";
			};
			name = Debug;
		};
		37CDCD202C4BC7B300B5A291 /* Release */ = {
			isa = XCBuildConfiguration;
			buildSettings = {
				ALWAYS_SEARCH_USER_PATHS = NO;
				ASSETCATALOG_COMPILER_GENERATE_SWIFT_ASSET_SYMBOL_EXTENSIONS = YES;
				CLANG_ANALYZER_NONNULL = YES;
				CLANG_ANALYZER_NUMBER_OBJECT_CONVERSION = YES_AGGRESSIVE;
				CLANG_CXX_LANGUAGE_STANDARD = "gnu++20";
				CLANG_ENABLE_MODULES = YES;
				CLANG_ENABLE_OBJC_ARC = YES;
				CLANG_ENABLE_OBJC_WEAK = YES;
				CLANG_WARN_BLOCK_CAPTURE_AUTORELEASING = YES;
				CLANG_WARN_BOOL_CONVERSION = YES;
				CLANG_WARN_COMMA = YES;
				CLANG_WARN_CONSTANT_CONVERSION = YES;
				CLANG_WARN_DEPRECATED_OBJC_IMPLEMENTATIONS = YES;
				CLANG_WARN_DIRECT_OBJC_ISA_USAGE = YES_ERROR;
				CLANG_WARN_DOCUMENTATION_COMMENTS = YES;
				CLANG_WARN_EMPTY_BODY = YES;
				CLANG_WARN_ENUM_CONVERSION = YES;
				CLANG_WARN_INFINITE_RECURSION = YES;
				CLANG_WARN_INT_CONVERSION = YES;
				CLANG_WARN_NON_LITERAL_NULL_CONVERSION = YES;
				CLANG_WARN_OBJC_IMPLICIT_RETAIN_SELF = YES;
				CLANG_WARN_OBJC_LITERAL_CONVERSION = YES;
				CLANG_WARN_OBJC_ROOT_CLASS = YES_ERROR;
				CLANG_WARN_QUOTED_INCLUDE_IN_FRAMEWORK_HEADER = YES;
				CLANG_WARN_RANGE_LOOP_ANALYSIS = YES;
				CLANG_WARN_STRICT_PROTOTYPES = YES;
				CLANG_WARN_SUSPICIOUS_MOVE = YES;
				CLANG_WARN_UNGUARDED_AVAILABILITY = YES_AGGRESSIVE;
				CLANG_WARN_UNREACHABLE_CODE = YES;
				CLANG_WARN__DUPLICATE_METHOD_MATCH = YES;
				COPY_PHASE_STRIP = NO;
				DEBUG_INFORMATION_FORMAT = "dwarf-with-dsym";
				ENABLE_NS_ASSERTIONS = NO;
				ENABLE_STRICT_OBJC_MSGSEND = YES;
				ENABLE_USER_SCRIPT_SANDBOXING = YES;
				GCC_C_LANGUAGE_STANDARD = gnu17;
				GCC_NO_COMMON_BLOCKS = YES;
				GCC_WARN_64_TO_32_BIT_CONVERSION = YES;
				GCC_WARN_ABOUT_RETURN_TYPE = YES_ERROR;
				GCC_WARN_UNDECLARED_SELECTOR = YES;
				GCC_WARN_UNINITIALIZED_AUTOS = YES_AGGRESSIVE;
				GCC_WARN_UNUSED_FUNCTION = YES;
				GCC_WARN_UNUSED_VARIABLE = YES;
				IPHONEOS_DEPLOYMENT_TARGET = 17.5;
				LOCALIZATION_PREFERS_STRING_CATALOGS = YES;
				MTL_ENABLE_DEBUG_INFO = NO;
				MTL_FAST_MATH = YES;
				SDKROOT = iphoneos;
				SWIFT_COMPILATION_MODE = wholemodule;
				VALIDATE_PRODUCT = YES;
			};
			name = Release;
		};
		37CDCD222C4BC7B300B5A291 /* Debug */ = {
			isa = XCBuildConfiguration;
			buildSettings = {
				ALWAYS_EMBED_SWIFT_STANDARD_LIBRARIES = YES;
				ASSETCATALOG_COMPILER_APPICON_NAME = AppIcon;
				ASSETCATALOG_COMPILER_GLOBAL_ACCENT_COLOR_NAME = AccentColor;
				CODE_SIGN_STYLE = Manual;
				CURRENT_PROJECT_VERSION = 1;
				DEVELOPMENT_ASSET_PATHS = "\"ContinueUserActivityWidget/Preview Content\"";
				DEVELOPMENT_TEAM = "";
				ENABLE_PREVIEWS = YES;
				GENERATE_INFOPLIST_FILE = YES;
				INFOPLIST_KEY_UIApplicationSceneManifest_Generation = YES;
				INFOPLIST_KEY_UIApplicationSupportsIndirectInputEvents = YES;
				INFOPLIST_KEY_UILaunchScreen_Generation = YES;
				INFOPLIST_KEY_UISupportedInterfaceOrientations_iPad = "UIInterfaceOrientationPortrait UIInterfaceOrientationPortraitUpsideDown UIInterfaceOrientationLandscapeLeft UIInterfaceOrientationLandscapeRight";
				INFOPLIST_KEY_UISupportedInterfaceOrientations_iPhone = "UIInterfaceOrientationPortrait UIInterfaceOrientationLandscapeLeft UIInterfaceOrientationLandscapeRight";
				LD_RUNPATH_SEARCH_PATHS = (
					"$(inherited)",
					"@executable_path/Frameworks",
				);
				MARKETING_VERSION = 1.0;
				PRODUCT_BUNDLE_IDENTIFIER = ch.ContinueUserActivityWidget;
				PRODUCT_NAME = "$(TARGET_NAME)";
				PROVISIONING_PROFILE_SPECIFIER = "";
				SWIFT_EMIT_LOC_STRINGS = YES;
				SWIFT_VERSION = 5.0;
				TARGETED_DEVICE_FAMILY = "1,2";
			};
			name = Debug;
		};
		37CDCD232C4BC7B300B5A291 /* Release */ = {
			isa = XCBuildConfiguration;
			buildSettings = {
				ALWAYS_EMBED_SWIFT_STANDARD_LIBRARIES = YES;
				ASSETCATALOG_COMPILER_APPICON_NAME = AppIcon;
				ASSETCATALOG_COMPILER_GLOBAL_ACCENT_COLOR_NAME = AccentColor;
				CODE_SIGN_STYLE = Manual;
				CURRENT_PROJECT_VERSION = 1;
				DEVELOPMENT_ASSET_PATHS = "\"ContinueUserActivityWidget/Preview Content\"";
				DEVELOPMENT_TEAM = "";
				ENABLE_PREVIEWS = YES;
				GENERATE_INFOPLIST_FILE = YES;
				INFOPLIST_KEY_UIApplicationSceneManifest_Generation = YES;
				INFOPLIST_KEY_UIApplicationSupportsIndirectInputEvents = YES;
				INFOPLIST_KEY_UILaunchScreen_Generation = YES;
				INFOPLIST_KEY_UISupportedInterfaceOrientations_iPad = "UIInterfaceOrientationPortrait UIInterfaceOrientationPortraitUpsideDown UIInterfaceOrientationLandscapeLeft UIInterfaceOrientationLandscapeRight";
				INFOPLIST_KEY_UISupportedInterfaceOrientations_iPhone = "UIInterfaceOrientationPortrait UIInterfaceOrientationLandscapeLeft UIInterfaceOrientationLandscapeRight";
				LD_RUNPATH_SEARCH_PATHS = (
					"$(inherited)",
					"@executable_path/Frameworks",
				);
				MARKETING_VERSION = 1.0;
				PRODUCT_BUNDLE_IDENTIFIER = ch.ContinueUserActivityWidget;
				PRODUCT_NAME = "$(TARGET_NAME)";
				PROVISIONING_PROFILE_SPECIFIER = "";
				SWIFT_EMIT_LOC_STRINGS = YES;
				SWIFT_VERSION = 5.0;
				TARGETED_DEVICE_FAMILY = "1,2";
			};
			name = Release;
		};
		37CDCD3C2C4BC7CD00B5A291 /* Debug */ = {
			isa = XCBuildConfiguration;
			buildSettings = {
				ASSETCATALOG_COMPILER_GLOBAL_ACCENT_COLOR_NAME = AccentColor;
				ASSETCATALOG_COMPILER_WIDGET_BACKGROUND_COLOR_NAME = WidgetBackground;
				CODE_SIGN_STYLE = Manual;
				CURRENT_PROJECT_VERSION = 1;
				DEVELOPMENT_TEAM = "";
				GENERATE_INFOPLIST_FILE = YES;
				INFOPLIST_FILE = SampleWidget/Info.plist;
				INFOPLIST_KEY_CFBundleDisplayName = SampleWidget;
				INFOPLIST_KEY_NSHumanReadableCopyright = "";
				LD_RUNPATH_SEARCH_PATHS = (
					"$(inherited)",
					"@executable_path/Frameworks",
					"@executable_path/../../Frameworks",
				);
				MARKETING_VERSION = 1.0;
				PRODUCT_BUNDLE_IDENTIFIER = ch.ContinueUserActivityWidget.SampleWidget;
				PRODUCT_NAME = "$(TARGET_NAME)";
				PROVISIONING_PROFILE_SPECIFIER = "";
				SKIP_INSTALL = YES;
				SWIFT_EMIT_LOC_STRINGS = YES;
				SWIFT_VERSION = 5.0;
				TARGETED_DEVICE_FAMILY = "1,2";
			};
			name = Debug;
		};
		37CDCD3D2C4BC7CD00B5A291 /* Release */ = {
			isa = XCBuildConfiguration;
			buildSettings = {
				ASSETCATALOG_COMPILER_GLOBAL_ACCENT_COLOR_NAME = AccentColor;
				ASSETCATALOG_COMPILER_WIDGET_BACKGROUND_COLOR_NAME = WidgetBackground;
				CODE_SIGN_STYLE = Manual;
				CURRENT_PROJECT_VERSION = 1;
				DEVELOPMENT_TEAM = "";
				GENERATE_INFOPLIST_FILE = YES;
				INFOPLIST_FILE = SampleWidget/Info.plist;
				INFOPLIST_KEY_CFBundleDisplayName = SampleWidget;
				INFOPLIST_KEY_NSHumanReadableCopyright = "";
				LD_RUNPATH_SEARCH_PATHS = (
					"$(inherited)",
					"@executable_path/Frameworks",
					"@executable_path/../../Frameworks",
				);
				MARKETING_VERSION = 1.0;
				PRODUCT_BUNDLE_IDENTIFIER = ch.ContinueUserActivityWidget.SampleWidget;
				PRODUCT_NAME = "$(TARGET_NAME)";
				PROVISIONING_PROFILE_SPECIFIER = "";
				SKIP_INSTALL = YES;
				SWIFT_EMIT_LOC_STRINGS = YES;
				SWIFT_VERSION = 5.0;
				TARGETED_DEVICE_FAMILY = "1,2";
			};
			name = Release;
		};
/* End XCBuildConfiguration section */

/* Begin XCConfigurationList section */
		37CDCD0E2C4BC7B200B5A291 /* Build configuration list for PBXProject "ContinueUserActivityWidget" */ = {
			isa = XCConfigurationList;
			buildConfigurations = (
				37CDCD1F2C4BC7B300B5A291 /* Debug */,
				37CDCD202C4BC7B300B5A291 /* Release */,
			);
			defaultConfigurationIsVisible = 0;
			defaultConfigurationName = Release;
		};
		37CDCD212C4BC7B300B5A291 /* Build configuration list for PBXNativeTarget "ContinueUserActivityWidget" */ = {
			isa = XCConfigurationList;
			buildConfigurations = (
				37CDCD222C4BC7B300B5A291 /* Debug */,
				37CDCD232C4BC7B300B5A291 /* Release */,
			);
			defaultConfigurationIsVisible = 0;
			defaultConfigurationName = Release;
		};
		37CDCD3B2C4BC7CD00B5A291 /* Build configuration list for PBXNativeTarget "SampleWidgetExtension" */ = {
			isa = XCConfigurationList;
			buildConfigurations = (
				37CDCD3C2C4BC7CD00B5A291 /* Debug */,
				37CDCD3D2C4BC7CD00B5A291 /* Release */,
			);
			defaultConfigurationIsVisible = 0;
			defaultConfigurationName = Release;
		};
/* End XCConfigurationList section */
	};
	rootObject = 37CDCD0B2C4BC7B200B5A291 /* Project object */;
}
